github.com/vicnorm/funtemps v0.0.0-20230412144238-55bb78b6d99f h1:F6NsYwczJ9KpYKraeCRN6jHvX+y/kzY/qgokBHbdWBg=
github.com/vicnorm/funtemps v0.0.0-20230412144238-55bb78b6d99f/go.mod h1:M3agkbU+u8uURNFESJNGgxyH90LYWdnK5hpUo53y4vI=
github.com/vicnorm/is105sem03 v0.0.0-20230421071757-7c34e8484e54 h1:VpQh2H2zJUjtsRPN3X9FCc9VJ6E0a1rYtew5jYLl6d0=
github.com/vicnorm/is105sem03 v0.0.0-20230421071757-7c34e8484e54/go.mod h1:SgYH4wK7ftpSKI5x51s7HSw2ZZNdSIEw3B4rqzmcADA=
